
Microsoft Visual Studio Solution File, Format Version 12.00
# Visual Studio 14
VisualStudioVersion = 14.0.25420.1
MinimumVisualStudioVersion = 10.0.40219.1
Project("{FAE04EC0-301F-11D3-BF4B-00C04F79EFBC}") = "ArrarySort", "ArrarySort\ArrarySort.csproj", "{DB2CF23B-A8D3-4873-85B2-010E437CB814}"
EndProject
Project("{FAE04EC0-301F-11D3-BF4B-00C04F79EFBC}") = "Fibonacci", "Fibonacci\Fibonacci.csproj", "{587EE3D2-FC4F-4108-A074-9074619453C7}"
EndProject
Project("{FAE04EC0-301F-11D3-BF4B-00C04F79EFBC}") = "TwoArraySort", "TwoArraySort\TwoArraySort.csproj", "{57A905F4-5DDD-4EF2-BA08-B18853BA186C}"
EndProject
Project("{FAE04EC0-301F-11D3-BF4B-00C04F79EFBC}") = "CardDeckShuffle", "CardDeckShuffle\CardDeckShuffle.csproj", "{772B9472-8113-4101-A6DE-043110205F55}"
EndProject
Project("{FAE04EC0-301F-11D3-BF4B-00C04F79EFBC}") = "ReverseLinkListElements", "ReverseLinkListElements\ReverseLinkListElements.csproj", "{6A8BFCDC-B84F-4052-A6EE-98F3C8B4B5E7}"
EndProject
Project("{FAE04EC0-301F-11D3-BF4B-00C04F79EFBC}") = "DiceGame", "DiceGame\DiceGame.csproj", "{7C2B6B75-95E2-466E-9817-F744B0B106B5}"
EndProject
Global
	GlobalSection(SolutionConfigurationPlatforms) = preSolution
		Debug|Any CPU = Debug|Any CPU
		Release|Any CPU = Release|Any CPU
	EndGlobalSection
	GlobalSection(ProjectConfigurationPlatforms) = postSolution
		{DB2CF23B-A8D3-4873-85B2-010E437CB814}.Debug|Any CPU.ActiveCfg = Debug|Any CPU
		{DB2CF23B-A8D3-4873-85B2-010E437CB814}.Debug|Any CPU.Build.0 = Debug|Any CPU
		{DB2CF23B-A8D3-4873-85B2-010E437CB814}.Release|Any CPU.ActiveCfg = Release|Any CPU
		{DB2CF23B-A8D3-4873-85B2-010E437CB814}.Release|Any CPU.Build.0 = Release|Any CPU
		{587EE3D2-FC4F-4108-A074-9074619453C7}.Debug|Any CPU.ActiveCfg = Debug|Any CPU
		{587EE3D2-FC4F-4108-A074-9074619453C7}.Debug|Any CPU.Build.0 = Debug|Any CPU
		{587EE3D2-FC4F-4108-A074-9074619453C7}.Release|Any CPU.ActiveCfg = Release|Any CPU
		{587EE3D2-FC4F-4108-A074-9074619453C7}.Release|Any CPU.Build.0 = Release|Any CPU
		{57A905F4-5DDD-4EF2-BA08-B18853BA186C}.Debug|Any CPU.ActiveCfg = Debug|Any CPU
		{57A905F4-5DDD-4EF2-BA08-B18853BA186C}.Debug|Any CPU.Build.0 = Debug|Any CPU
		{57A905F4-5DDD-4EF2-BA08-B18853BA186C}.Release|Any CPU.ActiveCfg = Release|Any CPU
		{57A905F4-5DDD-4EF2-BA08-B18853BA186C}.Release|Any CPU.Build.0 = Release|Any CPU
		{772B9472-8113-4101-A6DE-043110205F55}.Debug|Any CPU.ActiveCfg = Debug|Any CPU
		{772B9472-8113-4101-A6DE-043110205F55}.Debug|Any CPU.Build.0 = Debug|Any CPU
		{772B9472-8113-4101-A6DE-043110205F55}.Release|Any CPU.ActiveCfg = Release|Any CPU
		{772B9472-8113-4101-A6DE-043110205F55}.Release|Any CPU.Build.0 = Release|Any CPU
		{6A8BFCDC-B84F-4052-A6EE-98F3C8B4B5E7}.Debug|Any CPU.ActiveCfg = Debug|Any CPU
		{6A8BFCDC-B84F-4052-A6EE-98F3C8B4B5E7}.Debug|Any CPU.Build.0 = Debug|Any CPU
		{6A8BFCDC-B84F-4052-A6EE-98F3C8B4B5E7}.Release|Any CPU.ActiveCfg = Release|Any CPU
		{6A8BFCDC-B84F-4052-A6EE-98F3C8B4B5E7}.Release|Any CPU.Build.0 = Release|Any CPU
		{7C2B6B75-95E2-466E-9817-F744B0B106B5}.Debug|Any CPU.ActiveCfg = Debug|Any CPU
		{7C2B6B75-95E2-466E-9817-F744B0B106B5}.Debug|Any CPU.Build.0 = Debug|Any CPU
		{7C2B6B75-95E2-466E-9817-F744B0B106B5}.Release|Any CPU.ActiveCfg = Release|Any CPU
		{7C2B6B75-95E2-466E-9817-F744B0B106B5}.Release|Any CPU.Build.0 = Release|Any CPU
	EndGlobalSection
	GlobalSection(SolutionProperties) = preSolution
		HideSolutionNode = FALSE
	EndGlobalSection
EndGlobal
